
Microsoft Visual Studio Solution File, Format Version 12.00
# Visual Studio Version 17
VisualStudioVersion = 17.0.31903.59
MinimumVisualStudioVersion = 10.0.40219.1
Project("{2150E333-8FDC-42A3-9474-1A3956D46DE8}") = "src", "src", "{B3719C53-CAF3-4DBA-9804-B3669A1AFFFD}"
EndProject
Project("{FAE04EC0-301F-11D3-BF4B-00C04F79EFBC}") = "WebApi", "src\WebApi\WebApi.csproj", "{CA2F56B0-882B-449F-AA14-27912EEBE590}"
EndProject
Project("{FAE04EC0-301F-11D3-BF4B-00C04F79EFBC}") = "Presentation", "src\Core\Presentation\Presentation.csproj", "{98BE74BF-C2D4-46D9-819C-A8D73C028FC3}"
EndProject
Project("{FAE04EC0-301F-11D3-BF4B-00C04F79EFBC}") = "Infrastructure", "src\Core\Infrastructure\Infrastructure.csproj", "{FEDE1266-A62B-4812-B16F-0EB173DEE230}"
EndProject
Project("{FAE04EC0-301F-11D3-BF4B-00C04F79EFBC}") = "Domain", "src\Core\Domain\Domain.csproj", "{1179370F-2FFD-4B12-A08D-12D6B419142A}"
EndProject
Project("{FAE04EC0-301F-11D3-BF4B-00C04F79EFBC}") = "Application", "src\Core\Application\Application.csproj", "{C093B262-7966-4119-BA97-0C76FCDEBA63}"
EndProject
Project("{FAE04EC0-301F-11D3-BF4B-00C04F79EFBC}") = "Background", "src\Background\Background.csproj", "{319FA867-833D-4457-8908-749C83DEBD47}"
EndProject
Project("{FAE04EC0-301F-11D3-BF4B-00C04F79EFBC}") = "tests", "tests\tests.csproj", "{81E47AD0-6B4F-46C3-B4A7-4E75A4D00957}"
EndProject
Project("{FAE04EC0-301F-11D3-BF4B-00C04F79EFBC}") = "WebSocket", "src\WebSocket\WebSocket.csproj", "{C33A9B43-25F1-4BE2-948C-2DC7FF12F2E4}"
EndProject
Project("{FAE04EC0-301F-11D3-BF4B-00C04F79EFBC}") = "Background.Live", "src\Background.Live\Background.Live.csproj", "{18871EF1-0D39-495E-A6D5-11234472BD31}"
EndProject
Project("{FAE04EC0-301F-11D3-BF4B-00C04F79EFBC}") = "APP.Platform", "src\APP.Platform\APP.Platform.csproj", "{CB6E63D0-FE51-401A-94C5-69486252F426}"
EndProject
Project("{FAE04EC0-301F-11D3-BF4B-00C04F79EFBC}") = "Background.Browser", "src\Background.Browser\Background.Browser.csproj", "{B1D71BD1-52C0-44E0-BC3B-590852021521}"
EndProject
Global
	GlobalSection(SolutionConfigurationPlatforms) = preSolution
		Debug|Any CPU = Debug|Any CPU
		Release|Any CPU = Release|Any CPU
	EndGlobalSection
	GlobalSection(ProjectConfigurationPlatforms) = postSolution
		{CA2F56B0-882B-449F-AA14-27912EEBE590}.Debug|Any CPU.ActiveCfg = Debug|Any CPU
		{CA2F56B0-882B-449F-AA14-27912EEBE590}.Debug|Any CPU.Build.0 = Debug|Any CPU
		{CA2F56B0-882B-449F-AA14-27912EEBE590}.Release|Any CPU.ActiveCfg = Release|Any CPU
		{CA2F56B0-882B-449F-AA14-27912EEBE590}.Release|Any CPU.Build.0 = Release|Any CPU
		{98BE74BF-C2D4-46D9-819C-A8D73C028FC3}.Debug|Any CPU.ActiveCfg = Debug|Any CPU
		{98BE74BF-C2D4-46D9-819C-A8D73C028FC3}.Debug|Any CPU.Build.0 = Debug|Any CPU
		{98BE74BF-C2D4-46D9-819C-A8D73C028FC3}.Release|Any CPU.ActiveCfg = Release|Any CPU
		{98BE74BF-C2D4-46D9-819C-A8D73C028FC3}.Release|Any CPU.Build.0 = Release|Any CPU
		{FEDE1266-A62B-4812-B16F-0EB173DEE230}.Debug|Any CPU.ActiveCfg = Debug|Any CPU
		{FEDE1266-A62B-4812-B16F-0EB173DEE230}.Debug|Any CPU.Build.0 = Debug|Any CPU
		{FEDE1266-A62B-4812-B16F-0EB173DEE230}.Release|Any CPU.ActiveCfg = Release|Any CPU
		{FEDE1266-A62B-4812-B16F-0EB173DEE230}.Release|Any CPU.Build.0 = Release|Any CPU
		{1179370F-2FFD-4B12-A08D-12D6B419142A}.Debug|Any CPU.ActiveCfg = Debug|Any CPU
		{1179370F-2FFD-4B12-A08D-12D6B419142A}.Debug|Any CPU.Build.0 = Debug|Any CPU
		{1179370F-2FFD-4B12-A08D-12D6B419142A}.Release|Any CPU.ActiveCfg = Release|Any CPU
		{1179370F-2FFD-4B12-A08D-12D6B419142A}.Release|Any CPU.Build.0 = Release|Any CPU
		{C093B262-7966-4119-BA97-0C76FCDEBA63}.Debug|Any CPU.ActiveCfg = Debug|Any CPU
		{C093B262-7966-4119-BA97-0C76FCDEBA63}.Debug|Any CPU.Build.0 = Debug|Any CPU
		{C093B262-7966-4119-BA97-0C76FCDEBA63}.Release|Any CPU.ActiveCfg = Release|Any CPU
		{C093B262-7966-4119-BA97-0C76FCDEBA63}.Release|Any CPU.Build.0 = Release|Any CPU
		{319FA867-833D-4457-8908-749C83DEBD47}.Debug|Any CPU.ActiveCfg = Debug|Any CPU
		{319FA867-833D-4457-8908-749C83DEBD47}.Debug|Any CPU.Build.0 = Debug|Any CPU
		{319FA867-833D-4457-8908-749C83DEBD47}.Release|Any CPU.ActiveCfg = Release|Any CPU
		{319FA867-833D-4457-8908-749C83DEBD47}.Release|Any CPU.Build.0 = Release|Any CPU
		{81E47AD0-6B4F-46C3-B4A7-4E75A4D00957}.Debug|Any CPU.ActiveCfg = Debug|Any CPU
		{81E47AD0-6B4F-46C3-B4A7-4E75A4D00957}.Debug|Any CPU.Build.0 = Debug|Any CPU
		{81E47AD0-6B4F-46C3-B4A7-4E75A4D00957}.Release|Any CPU.ActiveCfg = Release|Any CPU
		{81E47AD0-6B4F-46C3-B4A7-4E75A4D00957}.Release|Any CPU.Build.0 = Release|Any CPU
		{C33A9B43-25F1-4BE2-948C-2DC7FF12F2E4}.Debug|Any CPU.ActiveCfg = Debug|Any CPU
		{C33A9B43-25F1-4BE2-948C-2DC7FF12F2E4}.Debug|Any CPU.Build.0 = Debug|Any CPU
		{C33A9B43-25F1-4BE2-948C-2DC7FF12F2E4}.Release|Any CPU.ActiveCfg = Release|Any CPU
		{C33A9B43-25F1-4BE2-948C-2DC7FF12F2E4}.Release|Any CPU.Build.0 = Release|Any CPU
		{18871EF1-0D39-495E-A6D5-11234472BD31}.Debug|Any CPU.ActiveCfg = Debug|Any CPU
		{18871EF1-0D39-495E-A6D5-11234472BD31}.Debug|Any CPU.Build.0 = Debug|Any CPU
		{18871EF1-0D39-495E-A6D5-11234472BD31}.Release|Any CPU.ActiveCfg = Release|Any CPU
		{18871EF1-0D39-495E-A6D5-11234472BD31}.Release|Any CPU.Build.0 = Release|Any CPU
		{CB6E63D0-FE51-401A-94C5-69486252F426}.Debug|Any CPU.ActiveCfg = Debug|Any CPU
		{CB6E63D0-FE51-401A-94C5-69486252F426}.Debug|Any CPU.Build.0 = Debug|Any CPU
		{CB6E63D0-FE51-401A-94C5-69486252F426}.Release|Any CPU.ActiveCfg = Release|Any CPU
		{CB6E63D0-FE51-401A-94C5-69486252F426}.Release|Any CPU.Build.0 = Release|Any CPU
		{B1D71BD1-52C0-44E0-BC3B-590852021521}.Debug|Any CPU.ActiveCfg = Debug|Any CPU
		{B1D71BD1-52C0-44E0-BC3B-590852021521}.Debug|Any CPU.Build.0 = Debug|Any CPU
		{B1D71BD1-52C0-44E0-BC3B-590852021521}.Release|Any CPU.ActiveCfg = Release|Any CPU
		{B1D71BD1-52C0-44E0-BC3B-590852021521}.Release|Any CPU.Build.0 = Release|Any CPU
	EndGlobalSection
	GlobalSection(SolutionProperties) = preSolution
		HideSolutionNode = FALSE
	EndGlobalSection
	GlobalSection(NestedProjects) = preSolution
		{CA2F56B0-882B-449F-AA14-27912EEBE590} = {B3719C53-CAF3-4DBA-9804-B3669A1AFFFD}
		{98BE74BF-C2D4-46D9-819C-A8D73C028FC3} = {B3719C53-CAF3-4DBA-9804-B3669A1AFFFD}
		{FEDE1266-A62B-4812-B16F-0EB173DEE230} = {B3719C53-CAF3-4DBA-9804-B3669A1AFFFD}
		{1179370F-2FFD-4B12-A08D-12D6B419142A} = {B3719C53-CAF3-4DBA-9804-B3669A1AFFFD}
		{C093B262-7966-4119-BA97-0C76FCDEBA63} = {B3719C53-CAF3-4DBA-9804-B3669A1AFFFD}
		{319FA867-833D-4457-8908-749C83DEBD47} = {B3719C53-CAF3-4DBA-9804-B3669A1AFFFD}
		{81E47AD0-6B4F-46C3-B4A7-4E75A4D00957} = {B3719C53-CAF3-4DBA-9804-B3669A1AFFFD}
		{C33A9B43-25F1-4BE2-948C-2DC7FF12F2E4} = {B3719C53-CAF3-4DBA-9804-B3669A1AFFFD}
		{18871EF1-0D39-495E-A6D5-11234472BD31} = {B3719C53-CAF3-4DBA-9804-B3669A1AFFFD}
		{CB6E63D0-FE51-401A-94C5-69486252F426} = {B3719C53-CAF3-4DBA-9804-B3669A1AFFFD}
		{B1D71BD1-52C0-44E0-BC3B-590852021521} = {B3719C53-CAF3-4DBA-9804-B3669A1AFFFD}
	EndGlobalSection
EndGlobal